// !$*UTF8*$!
{
	archiveVersion = 1;
	classes = {
	};
	objectVersion = 46;
	objects = {

/* Begin PBXBuildFile section */
		E51DC9621C4961B900A021C9 /* ContactDetailViewController.swift in Sources */ = {isa = PBXBuildFile; fileRef = E51DC9611C4961B900A021C9 /* ContactDetailViewController.swift */; };
		E5B761691C3F507B0036A470 /* AppDelegate.swift in Sources */ = {isa = PBXBuildFile; fileRef = E5B761681C3F507B0036A470 /* AppDelegate.swift */; };
		E5B7616B1C3F507B0036A470 /* ViewController.swift in Sources */ = {isa = PBXBuildFile; fileRef = E5B7616A1C3F507B0036A470 /* ViewController.swift */; };
		E5B7616E1C3F507B0036A470 /* Main.storyboard in Resources */ = {isa = PBXBuildFile; fileRef = E5B7616C1C3F507B0036A470 /* Main.storyboard */; };
		E5B761701C3F507B0036A470 /* Assets.xcassets in Resources */ = {isa = PBXBuildFile; fileRef = E5B7616F1C3F507B0036A470 /* Assets.xcassets */; };
		E5B761731C3F507B0036A470 /* LaunchScreen.storyboard in Resources */ = {isa = PBXBuildFile; fileRef = E5B761711C3F507B0036A470 /* LaunchScreen.storyboard */; };
		E5B7617E1C3F507B0036A470 /* SampleIOSSwiftTests.swift in Sources */ = {isa = PBXBuildFile; fileRef = E5B7617D1C3F507B0036A470 /* SampleIOSSwiftTests.swift */; };
		E5B761891C3F507B0036A470 /* SampleIOSSwiftUITests.swift in Sources */ = {isa = PBXBuildFile; fileRef = E5B761881C3F507B0036A470 /* SampleIOSSwiftUITests.swift */; };
		E5FEDBC31C481F9F00C6D435 /* ContactsViewControlller.swift in Sources */ = {isa = PBXBuildFile; fileRef = E5FEDBC21C481F9F00C6D435 /* ContactsViewControlller.swift */; };
/* End PBXBuildFile section */

/* Begin PBXContainerItemProxy section */
		E5B7617A1C3F507B0036A470 /* PBXContainerItemProxy */ = {
			isa = PBXContainerItemProxy;
			containerPortal = E5B7615D1C3F507B0036A470 /* Project object */;
			proxyType = 1;
			remoteGlobalIDString = E5B761641C3F507B0036A470;
			remoteInfo = SampleIOSSwift;
		};
		E5B761851C3F507B0036A470 /* PBXContainerItemProxy */ = {
			isa = PBXContainerItemProxy;
			containerPortal = E5B7615D1C3F507B0036A470 /* Project object */;
			proxyType = 1;
			remoteGlobalIDString = E5B761641C3F507B0036A470;
			remoteInfo = SampleIOSSwift;
		};
/* End PBXContainerItemProxy section */

/* Begin PBXFileReference section */
		E51DC9611C4961B900A021C9 /* ContactDetailViewController.swift */ = {isa = PBXFileReference; fileEncoding = 4; lastKnownFileType = sourcecode.swift; path = ContactDetailViewController.swift; sourceTree = "<group>"; };
		E5B761651C3F507B0036A470 /* SampleIOSSwift.app */ = {isa = PBXFileReference; explicitFileType = wrapper.application; includeInIndex = 0; path = SampleIOSSwift.app; sourceTree = BUILT_PRODUCTS_DIR; };
		E5B761681C3F507B0036A470 /* AppDelegate.swift */ = {isa = PBXFileReference; lastKnownFileType = sourcecode.swift; path = AppDelegate.swift; sourceTree = "<group>"; };
		E5B7616A1C3F507B0036A470 /* ViewController.swift */ = {isa = PBXFileReference; lastKnownFileType = sourcecode.swift; path = ViewController.swift; sourceTree = "<group>"; };
		E5B7616D1C3F507B0036A470 /* Base */ = {isa = PBXFileReference; lastKnownFileType = file.storyboard; name = Base; path = Base.lproj/Main.storyboard; sourceTree = "<group>"; };
		E5B7616F1C3F507B0036A470 /* Assets.xcassets */ = {isa = PBXFileReference; lastKnownFileType = folder.assetcatalog; path = Assets.xcassets; sourceTree = "<group>"; };
		E5B761721C3F507B0036A470 /* Base */ = {isa = PBXFileReference; lastKnownFileType = file.storyboard; name = Base; path = Base.lproj/LaunchScreen.storyboard; sourceTree = "<group>"; };
		E5B761741C3F507B0036A470 /* Info.plist */ = {isa = PBXFileReference; lastKnownFileType = text.plist.xml; path = Info.plist; sourceTree = "<group>"; };
		E5B761791C3F507B0036A470 /* SampleIOSSwiftTests.xctest */ = {isa = PBXFileReference; explicitFileType = wrapper.cfbundle; includeInIndex = 0; path = SampleIOSSwiftTests.xctest; sourceTree = BUILT_PRODUCTS_DIR; };
		E5B7617D1C3F507B0036A470 /* SampleIOSSwiftTests.swift */ = {isa = PBXFileReference; lastKnownFileType = sourcecode.swift; path = SampleIOSSwiftTests.swift; sourceTree = "<group>"; };
		E5B7617F1C3F507B0036A470 /* Info.plist */ = {isa = PBXFileReference; lastKnownFileType = text.plist.xml; path = Info.plist; sourceTree = "<group>"; };
		E5B761841C3F507B0036A470 /* SampleIOSSwiftUITests.xctest */ = {isa = PBXFileReference; explicitFileType = wrapper.cfbundle; includeInIndex = 0; path = SampleIOSSwiftUITests.xctest; sourceTree = BUILT_PRODUCTS_DIR; };
		E5B761881C3F507B0036A470 /* SampleIOSSwiftUITests.swift */ = {isa = PBXFileReference; lastKnownFileType = sourcecode.swift; path = SampleIOSSwiftUITests.swift; sourceTree = "<group>"; };
		E5B7618A1C3F507B0036A470 /* Info.plist */ = {isa = PBXFileReference; lastKnownFileType = text.plist.xml; path = Info.plist; sourceTree = "<group>"; };
		E5FEDBC21C481F9F00C6D435 /* ContactsViewControlller.swift */ = {isa = PBXFileReference; fileEncoding = 4; lastKnownFileType = sourcecode.swift; path = ContactsViewControlller.swift; sourceTree = "<group>"; };
/* End PBXFileReference section */

/* Begin PBXFrameworksBuildPhase section */
		E5B761621C3F507B0036A470 /* Frameworks */ = {
			isa = PBXFrameworksBuildPhase;
			buildActionMask = 2147483647;
			files = (
			);
			runOnlyForDeploymentPostprocessing = 0;
		};
		E5B761761C3F507B0036A470 /* Frameworks */ = {
			isa = PBXFrameworksBuildPhase;
			buildActionMask = 2147483647;
			files = (
			);
			runOnlyForDeploymentPostprocessing = 0;
		};
		E5B761811C3F507B0036A470 /* Frameworks */ = {
			isa = PBXFrameworksBuildPhase;
			buildActionMask = 2147483647;
			files = (
			);
			runOnlyForDeploymentPostprocessing = 0;
		};
/* End PBXFrameworksBuildPhase section */

/* Begin PBXGroup section */
		E5B7615C1C3F507B0036A470 = {
			isa = PBXGroup;
			children = (
				E5B761671C3F507B0036A470 /* SampleIOSSwift */,
				E5B7617C1C3F507B0036A470 /* SampleIOSSwiftTests */,
				E5B761871C3F507B0036A470 /* SampleIOSSwiftUITests */,
				E5B761661C3F507B0036A470 /* Products */,
			);
			sourceTree = "<group>";
		};
		E5B761661C3F507B0036A470 /* Products */ = {
			isa = PBXGroup;
			children = (
				E5B761651C3F507B0036A470 /* SampleIOSSwift.app */,
				E5B761791C3F507B0036A470 /* SampleIOSSwiftTests.xctest */,
				E5B761841C3F507B0036A470 /* SampleIOSSwiftUITests.xctest */,
			);
			name = Products;
			sourceTree = "<group>";
		};
		E5B761671C3F507B0036A470 /* SampleIOSSwift */ = {
			isa = PBXGroup;
			children = (
				E5B761681C3F507B0036A470 /* AppDelegate.swift */,
				E5B7616A1C3F507B0036A470 /* ViewController.swift */,
				E51DC9611C4961B900A021C9 /* ContactDetailViewController.swift */,
				E5B7616C1C3F507B0036A470 /* Main.storyboard */,
				E5FEDBC21C481F9F00C6D435 /* ContactsViewControlller.swift */,
				E5B7616F1C3F507B0036A470 /* Assets.xcassets */,
				E5B761711C3F507B0036A470 /* LaunchScreen.storyboard */,
				E5B761741C3F507B0036A470 /* Info.plist */,
			);
			path = SampleIOSSwift;
			sourceTree = "<group>";
		};
		E5B7617C1C3F507B0036A470 /* SampleIOSSwiftTests */ = {
			isa = PBXGroup;
			children = (
				E5B7617D1C3F507B0036A470 /* SampleIOSSwiftTests.swift */,
				E5B7617F1C3F507B0036A470 /* Info.plist */,
			);
			path = SampleIOSSwiftTests;
			sourceTree = "<group>";
		};
		E5B761871C3F507B0036A470 /* SampleIOSSwiftUITests */ = {
			isa = PBXGroup;
			children = (
				E5B761881C3F507B0036A470 /* SampleIOSSwiftUITests.swift */,
				E5B7618A1C3F507B0036A470 /* Info.plist */,
			);
			path = SampleIOSSwiftUITests;
			sourceTree = "<group>";
		};
/* End PBXGroup section */

/* Begin PBXNativeTarget section */
		E5B761641C3F507B0036A470 /* SampleIOSSwift */ = {
			isa = PBXNativeTarget;
			buildConfigurationList = E5B7618D1C3F507B0036A470 /* Build configuration list for PBXNativeTarget "SampleIOSSwift" */;
			buildPhases = (
				E5B761611C3F507B0036A470 /* Sources */,
				E5B761621C3F507B0036A470 /* Frameworks */,
				E5B761631C3F507B0036A470 /* Resources */,
			);
			buildRules = (
			);
			dependencies = (
			);
			name = SampleIOSSwift;
			productName = SampleIOSSwift;
			productReference = E5B761651C3F507B0036A470 /* SampleIOSSwift.app */;
			productType = "com.apple.product-type.application";
		};
		E5B761781C3F507B0036A470 /* SampleIOSSwiftTests */ = {
			isa = PBXNativeTarget;
			buildConfigurationList = E5B761901C3F507B0036A470 /* Build configuration list for PBXNativeTarget "SampleIOSSwiftTests" */;
			buildPhases = (
				E5B761751C3F507B0036A470 /* Sources */,
				E5B761761C3F507B0036A470 /* Frameworks */,
				E5B761771C3F507B0036A470 /* Resources */,
			);
			buildRules = (
			);
			dependencies = (
				E5B7617B1C3F507B0036A470 /* PBXTargetDependency */,
			);
			name = SampleIOSSwiftTests;
			productName = SampleIOSSwiftTests;
			productReference = E5B761791C3F507B0036A470 /* SampleIOSSwiftTests.xctest */;
			productType = "com.apple.product-type.bundle.unit-test";
		};
		E5B761831C3F507B0036A470 /* SampleIOSSwiftUITests */ = {
			isa = PBXNativeTarget;
			buildConfigurationList = E5B761931C3F507B0036A470 /* Build configuration list for PBXNativeTarget "SampleIOSSwiftUITests" */;
			buildPhases = (
				E5B761801C3F507B0036A470 /* Sources */,
				E5B761811C3F507B0036A470 /* Frameworks */,
				E5B761821C3F507B0036A470 /* Resources */,
			);
			buildRules = (
			);
			dependencies = (
				E5B761861C3F507B0036A470 /* PBXTargetDependency */,
			);
			name = SampleIOSSwiftUITests;
			productName = SampleIOSSwiftUITests;
			productReference = E5B761841C3F507B0036A470 /* SampleIOSSwiftUITests.xctest */;
			productType = "com.apple.product-type.bundle.ui-testing";
		};
/* End PBXNativeTarget section */

/* Begin PBXProject section */
		E5B7615D1C3F507B0036A470 /* Project object */ = {
			isa = PBXProject;
			attributes = {
				LastSwiftUpdateCheck = 0710;
				LastUpgradeCheck = 0710;
				ORGANIZATIONNAME = "Michael Petty";
				TargetAttributes = {
					E5B761641C3F507B0036A470 = {
						CreatedOnToolsVersion = 7.1.1;
					};
					E5B761781C3F507B0036A470 = {
						CreatedOnToolsVersion = 7.1.1;
						TestTargetID = E5B761641C3F507B0036A470;
					};
					E5B761831C3F507B0036A470 = {
						CreatedOnToolsVersion = 7.1.1;
						TestTargetID = E5B761641C3F507B0036A470;
					};
				};
			};
			buildConfigurationList = E5B761601C3F507B0036A470 /* Build configuration list for PBXProject "SampleIOSSwift" */;
			compatibilityVersion = "Xcode 3.2";
			developmentRegion = English;
			hasScannedForEncodings = 0;
			knownRegions = (
				en,
				Base,
			);
			mainGroup = E5B7615C1C3F507B0036A470;
			productRefGroup = E5B761661C3F507B0036A470 /* Products */;
			projectDirPath = "";
			projectRoot = "";
			targets = (
				E5B761641C3F507B0036A470 /* SampleIOSSwift */,
				E5B761781C3F507B0036A470 /* SampleIOSSwiftTests */,
				E5B761831C3F507B0036A470 /* SampleIOSSwiftUITests */,
			);
		};
/* End PBXProject section */

/* Begin PBXResourcesBuildPhase section */
		E5B761631C3F507B0036A470 /* Resources */ = {
			isa = PBXResourcesBuildPhase;
			buildActionMask = 2147483647;
			files = (
				E5B761731C3F507B0036A470 /* LaunchScreen.storyboard in Resources */,
				E5B761701C3F507B0036A470 /* Assets.xcassets in Resources */,
				E5B7616E1C3F507B0036A470 /* Main.storyboard in Resources */,
			);
			runOnlyForDeploymentPostprocessing = 0;
		};
		E5B761771C3F507B0036A470 /* Resources */ = {
			isa = PBXResourcesBuildPhase;
			buildActionMask = 2147483647;
			files = (
			);
			runOnlyForDeploymentPostprocessing = 0;
		};
		E5B761821C3F507B0036A470 /* Resources */ = {
			isa = PBXResourcesBuildPhase;
			buildActionMask = 2147483647;
			files = (
			);
			runOnlyForDeploymentPostprocessing = 0;
		};
/* End PBXResourcesBuildPhase section */

/* Begin PBXSourcesBuildPhase section */
		E5B761611C3F507B0036A470 /* Sources */ = {
			isa = PBXSourcesBuildPhase;
			buildActionMask = 2147483647;
			files = (
				E5B7616B1C3F507B0036A470 /* ViewController.swift in Sources */,
				E5B761691C3F507B0036A470 /* AppDelegate.swift in Sources */,
				E51DC9621C4961B900A021C9 /* ContactDetailViewController.swift in Sources */,
				E5FEDBC31C481F9F00C6D435 /* ContactsViewControlller.swift in Sources */,
			);
			runOnlyForDeploymentPostprocessing = 0;
		};
		E5B761751C3F507B0036A470 /* Sources */ = {
			isa = PBXSourcesBuildPhase;
			buildActionMask = 2147483647;
			files = (
				E5B7617E1C3F507B0036A470 /* SampleIOSSwiftTests.swift in Sources */,
			);
			runOnlyForDeploymentPostprocessing = 0;
		};
		E5B761801C3F507B0036A470 /* Sources */ = {
			isa = PBXSourcesBuildPhase;
			buildActionMask = 2147483647;
			files = (
				E5B761891C3F507B0036A470 /* SampleIOSSwiftUITests.swift in Sources */,
			);
			runOnlyForDeploymentPostprocessing = 0;
		};
/* End PBXSourcesBuildPhase section */

/* Begin PBXTargetDependency section */
		E5B7617B1C3F507B0036A470 /* PBXTargetDependency */ = {
			isa = PBXTargetDependency;
			target = E5B761641C3F507B0036A470 /* SampleIOSSwift */;
			targetProxy = E5B7617A1C3F507B0036A470 /* PBXContainerItemProxy */;
		};
		E5B761861C3F507B0036A470 /* PBXTargetDependency */ = {
			isa = PBXTargetDependency;
			target = E5B761641C3F507B0036A470 /* SampleIOSSwift */;
			targetProxy = E5B761851C3F507B0036A470 /* PBXContainerItemProxy */;
		};
/* End PBXTargetDependency section */

/* Begin PBXVariantGroup section */
		E5B7616C1C3F507B0036A470 /* Main.storyboard */ = {
			isa = PBXVariantGroup;
			children = (
				E5B7616D1C3F507B0036A470 /* Base */,
			);
			name = Main.storyboard;
			sourceTree = "<group>";
		};
		E5B761711C3F507B0036A470 /* LaunchScreen.storyboard */ = {
			isa = PBXVariantGroup;
			children = (
				E5B761721C3F507B0036A470 /* Base */,
			);
			name = LaunchScreen.storyboard;
			sourceTree = "<group>";
		};
/* End PBXVariantGroup section */

/* Begin XCBuildConfiguration section */
		E5B7618B1C3F507B0036A470 /* Debug */ = {
			isa = XCBuildConfiguration;
			buildSettings = {
				ALWAYS_SEARCH_USER_PATHS = NO;
				CLANG_CXX_LANGUAGE_STANDARD = "gnu++0x";
				CLANG_CXX_LIBRARY = "libc++";
				CLANG_ENABLE_MODULES = YES;
				CLANG_ENABLE_OBJC_ARC = YES;
				CLANG_WARN_BOOL_CONVERSION = YES;
				CLANG_WARN_CONSTANT_CONVERSION = YES;
				CLANG_WARN_DIRECT_OBJC_ISA_USAGE = YES_ERROR;
				CLANG_WARN_EMPTY_BODY = YES;
				CLANG_WARN_ENUM_CONVERSION = YES;
				CLANG_WARN_INT_CONVERSION = YES;
				CLANG_WARN_OBJC_ROOT_CLASS = YES_ERROR;
				CLANG_WARN_UNREACHABLE_CODE = YES;
				CLANG_WARN__DUPLICATE_METHOD_MATCH = YES;
				"CODE_SIGN_IDENTITY[sdk=iphoneos*]" = "iPhone Developer";
				COPY_PHASE_STRIP = NO;
				DEBUG_INFORMATION_FORMAT = dwarf;
				ENABLE_STRICT_OBJC_MSGSEND = YES;
				ENABLE_TESTABILITY = YES;
				GCC_C_LANGUAGE_STANDARD = gnu99;
				GCC_DYNAMIC_NO_PIC = NO;
				GCC_NO_COMMON_BLOCKS = YES;
				GCC_OPTIMIZATION_LEVEL = 0;
				GCC_PREPROCESSOR_DEFINITIONS = (
					"DEBUG=1",
					"$(inherited)",
				);
				GCC_WARN_64_TO_32_BIT_CONVERSION = YES;
				GCC_WARN_ABOUT_RETURN_TYPE = YES_ERROR;
				GCC_WARN_UNDECLARED_SELECTOR = YES;
				GCC_WARN_UNINITIALIZED_AUTOS = YES_AGGRESSIVE;
				GCC_WARN_UNUSED_FUNCTION = YES;
				GCC_WARN_UNUSED_VARIABLE = YES;
				IPHONEOS_DEPLOYMENT_TARGET = 9.1;
				MTL_ENABLE_DEBUG_INFO = YES;
				ONLY_ACTIVE_ARCH = YES;
				SDKROOT = iphoneos;
				SWIFT_OPTIMIZATION_LEVEL = "-Onone";
			};
			name = Debug;
		};
		E5B7618C1C3F507B0036A470 /* Release */ = {
			isa = XCBuildConfiguration;
			buildSettings = {
				ALWAYS_SEARCH_USER_PATHS = NO;
				CLANG_CXX_LANGUAGE_STANDARD = "gnu++0x";
				CLANG_CXX_LIBRARY = "libc++";
				CLANG_ENABLE_MODULES = YES;
				CLANG_ENABLE_OBJC_ARC = YES;
				CLANG_WARN_BOOL_CONVERSION = YES;
				CLANG_WARN_CONSTANT_CONVERSION = YES;
				CLANG_WARN_DIRECT_OBJC_ISA_USAGE = YES_ERROR;
				CLANG_WARN_EMPTY_BODY = YES;
				CLANG_WARN_ENUM_CONVERSION = YES;
				CLANG_WARN_INT_CONVERSION = YES;
				CLANG_WARN_OBJC_ROOT_CLASS = YES_ERROR;
				CLANG_WARN_UNREACHABLE_CODE = YES;
				CLANG_WARN__DUPLICATE_METHOD_MATCH = YES;
				"CODE_SIGN_IDENTITY[sdk=iphoneos*]" = "iPhone Developer";
				COPY_PHASE_STRIP = NO;
				DEBUG_INFORMATION_FORMAT = "dwarf-with-dsym";
				ENABLE_NS_ASSERTIONS = NO;
				ENABLE_STRICT_OBJC_MSGSEND = YES;
				GCC_C_LANGUAGE_STANDARD = gnu99;
				GCC_NO_COMMON_BLOCKS = YES;
				GCC_WARN_64_TO_32_BIT_CONVERSION = YES;
				GCC_WARN_ABOUT_RETURN_TYPE = YES_ERROR;
				GCC_WARN_UNDECLARED_SELECTOR = YES;
				GCC_WARN_UNINITIALIZED_AUTOS = YES_AGGRESSIVE;
				GCC_WARN_UNUSED_FUNCTION = YES;
				GCC_WARN_UNUSED_VARIABLE = YES;
				IPHONEOS_DEPLOYMENT_TARGET = 9.1;
				MTL_ENABLE_DEBUG_INFO = NO;
				SDKROOT = iphoneos;
				VALIDATE_PRODUCT = YES;
			};
			name = Release;
		};
		E5B7618E1C3F507B0036A470 /* Debug */ = {
			isa = XCBuildConfiguration;
			buildSettings = {
				ASSETCATALOG_COMPILER_APPICON_NAME = AppIcon;
				INFOPLIST_FILE = SampleIOSSwift/Info.plist;
				LD_RUNPATH_SEARCH_PATHS = "$(inherited) @executable_path/Frameworks";
				PRODUCT_BUNDLE_IDENTIFIER = com.michaelpetty42.SampleIOSSwift;
				PRODUCT_NAME = "$(TARGET_NAME)";
			};
			name = Debug;
		};
		E5B7618F1C3F507B0036A470 /* Release */ = {
			isa = XCBuildConfiguration;
			buildSettings = {
				ASSETCATALOG_COMPILER_APPICON_NAME = AppIcon;
				INFOPLIST_FILE = SampleIOSSwift/Info.plist;
				LD_RUNPATH_SEARCH_PATHS = "$(inherited) @executable_path/Frameworks";
				PRODUCT_BUNDLE_IDENTIFIER = com.michaelpetty42.SampleIOSSwift;
				PRODUCT_NAME = "$(TARGET_NAME)";
			};
			name = Release;
		};
		E5B761911C3F507B0036A470 /* Debug */ = {
			isa = XCBuildConfiguration;
			buildSettings = {
				BUNDLE_LOADER = "$(TEST_HOST)";
				INFOPLIST_FILE = SampleIOSSwiftTests/Info.plist;
				LD_RUNPATH_SEARCH_PATHS = "$(inherited) @executable_path/Frameworks @loader_path/Frameworks";
				PRODUCT_BUNDLE_IDENTIFIER = com.michaelpetty42.SampleIOSSwiftTests;
				PRODUCT_NAME = "$(TARGET_NAME)";
				TEST_HOST = "$(BUILT_PRODUCTS_DIR)/SampleIOSSwift.app/SampleIOSSwift";
			};
			name = Debug;
		};
		E5B761921C3F507B0036A470 /* Release */ = {
			isa = XCBuildConfiguration;
			buildSettings = {
				BUNDLE_LOADER = "$(TEST_HOST)";
				INFOPLIST_FILE = SampleIOSSwiftTests/Info.plist;
				LD_RUNPATH_SEARCH_PATHS = "$(inherited) @executable_path/Frameworks @loader_path/Frameworks";
				PRODUCT_BUNDLE_IDENTIFIER = com.michaelpetty42.SampleIOSSwiftTests;
				PRODUCT_NAME = "$(TARGET_NAME)";
				TEST_HOST = "$(BUILT_PRODUCTS_DIR)/SampleIOSSwift.app/SampleIOSSwift";
			};
			name = Release;
		};
		E5B761941C3F507B0036A470 /* Debug */ = {
			isa = XCBuildConfiguration;
			buildSettings = {
				INFOPLIST_FILE = SampleIOSSwiftUITests/Info.plist;
				LD_RUNPATH_SEARCH_PATHS = "$(inherited) @executable_path/Frameworks @loader_path/Frameworks";
				PRODUCT_BUNDLE_IDENTIFIER = com.michaelpetty42.SampleIOSSwiftUITests;
				PRODUCT_NAME = "$(TARGET_NAME)";
				TEST_TARGET_NAME = SampleIOSSwift;
				USES_XCTRUNNER = YES;
			};
			name = Debug;
		};
		E5B761951C3F507B0036A470 /* Release */ = {
			isa = XCBuildConfiguration;
			buildSettings = {
				INFOPLIST_FILE = SampleIOSSwiftUITests/Info.plist;
				LD_RUNPATH_SEARCH_PATHS = "$(inherited) @executable_path/Frameworks @loader_path/Frameworks";
				PRODUCT_BUNDLE_IDENTIFIER = com.michaelpetty42.SampleIOSSwiftUITests;
				PRODUCT_NAME = "$(TARGET_NAME)";
				TEST_TARGET_NAME = SampleIOSSwift;
				USES_XCTRUNNER = YES;
			};
			name = Release;
		};
/* End XCBuildConfiguration section */

/* Begin XCConfigurationList section */
		E5B761601C3F507B0036A470 /* Build configuration list for PBXProject "SampleIOSSwift" */ = {
			isa = XCConfigurationList;
			buildConfigurations = (
				E5B7618B1C3F507B0036A470 /* Debug */,
				E5B7618C1C3F507B0036A470 /* Release */,
			);
			defaultConfigurationIsVisible = 0;
			defaultConfigurationName = Release;
		};
		E5B7618D1C3F507B0036A470 /* Build configuration list for PBXNativeTarget "SampleIOSSwift" */ = {
			isa = XCConfigurationList;
			buildConfigurations = (
				E5B7618E1C3F507B0036A470 /* Debug */,
				E5B7618F1C3F507B0036A470 /* Release */,
			);
			defaultConfigurationIsVisible = 0;
			defaultConfigurationName = Release;
		};
		E5B761901C3F507B0036A470 /* Build configuration list for PBXNativeTarget "SampleIOSSwiftTests" */ = {
			isa = XCConfigurationList;
			buildConfigurations = (
				E5B761911C3F507B0036A470 /* Debug */,
				E5B761921C3F507B0036A470 /* Release */,
			);
			defaultConfigurationIsVisible = 0;
			defaultConfigurationName = Release;
		};
		E5B761931C3F507B0036A470 /* Build configuration list for PBXNativeTarget "SampleIOSSwiftUITests" */ = {
			isa = XCConfigurationList;
			buildConfigurations = (
				E5B761941C3F507B0036A470 /* Debug */,
				E5B761951C3F507B0036A470 /* Release */,
			);
			defaultConfigurationIsVisible = 0;
			defaultConfigurationName = Release;
		};
/* End XCConfigurationList section */
	};
	rootObject = E5B7615D1C3F507B0036A470 /* Project object */;
}
